PODS:
  - Alamofire (4.5.1)
  - PKHUD (5.0.0)
  - SkyFloatingLabelTextField (3.2.0)

DEPENDENCIES:
  - Alamofire
  - PKHUD
  - SkyFloatingLabelTextField

SPEC CHECKSUMS:
  Alamofire: 2d95912bf4c34f164fdfc335872e8c312acaea4a
  PKHUD: 3c001512c6e002091184197a8de7a20420786e3b
  SkyFloatingLabelTextField: 4e2d2f7160af660ed1da6bb9d0027b5c474b4b79

PODFILE CHECKSUM: 68098b0eba3d6cc7abde8b31dbd9f29b9047cc8c

COCOAPODS: 1.2.0.beta.3
