// !$*UTF8*$!
{
	archiveVersion = 1;
	classes = {
	};
	objectVersion = 48;
	objects = {

/* Begin PBXBuildFile section */
		5A8BAFD23C74BDCEB65CF82D /* Pods_SalesSticks.framework in Frameworks */ = {isa = PBXBuildFile; fileRef = CB0E2780441C765C82C1BFCB /* Pods_SalesSticks.framework */; };
		7F043F091F82B2FA00DC7D9B /* LoginViewController.swift in Sources */ = {isa = PBXBuildFile; fileRef = 7F043F081F82B2FA00DC7D9B /* LoginViewController.swift */; };
		7F043F0D1F82B53F00DC7D9B /* MainNavigationViewController.swift in Sources */ = {isa = PBXBuildFile; fileRef = 7F043F0C1F82B53F00DC7D9B /* MainNavigationViewController.swift */; };
		7F043F181F82BB3800DC7D9B /* UIColor+app.swift in Sources */ = {isa = PBXBuildFile; fileRef = 7F043F171F82BB3800DC7D9B /* UIColor+app.swift */; };
		7F043F1A1F82BB7700DC7D9B /* UIView+App.swift in Sources */ = {isa = PBXBuildFile; fileRef = 7F043F191F82BB7600DC7D9B /* UIView+App.swift */; };
		7F043F1C1F82BBB600DC7D9B /* UIFont+App.swift in Sources */ = {isa = PBXBuildFile; fileRef = 7F043F1B1F82BBB600DC7D9B /* UIFont+App.swift */; };
		7FF823A11F81808000217F6D /* AppDelegate.swift in Sources */ = {isa = PBXBuildFile; fileRef = 7FF823A01F81808000217F6D /* AppDelegate.swift */; };
		7FF823A61F81808000217F6D /* Main.storyboard in Resources */ = {isa = PBXBuildFile; fileRef = 7FF823A41F81808000217F6D /* Main.storyboard */; };
		7FF823A91F81808000217F6D /* SalesSticks.xcdatamodeld in Sources */ = {isa = PBXBuildFile; fileRef = 7FF823A71F81808000217F6D /* SalesSticks.xcdatamodeld */; };
		7FF823AB1F81808000217F6D /* Assets.xcassets in Resources */ = {isa = PBXBuildFile; fileRef = 7FF823AA1F81808000217F6D /* Assets.xcassets */; };
		7FF823AE1F81808000217F6D /* LaunchScreen.storyboard in Resources */ = {isa = PBXBuildFile; fileRef = 7FF823AC1F81808000217F6D /* LaunchScreen.storyboard */; };
		D9D80C4F1F8621630052BF8D /* UITabBar+app.swift in Sources */ = {isa = PBXBuildFile; fileRef = D9D80C4E1F8621630052BF8D /* UITabBar+app.swift */; };
		D9D80C511F8638740052BF8D /* TodaysRouteViewController.swift in Sources */ = {isa = PBXBuildFile; fileRef = D9D80C501F8638740052BF8D /* TodaysRouteViewController.swift */; };
		D9D80C531F8643B30052BF8D /* MyCustomerViewController.swift in Sources */ = {isa = PBXBuildFile; fileRef = D9D80C521F8643B30052BF8D /* MyCustomerViewController.swift */; };
		D9D80C551F8644400052BF8D /* SettingViewController.swift in Sources */ = {isa = PBXBuildFile; fileRef = D9D80C541F8644400052BF8D /* SettingViewController.swift */; };
		D9D80C571F864AE10052BF8D /* UINavigationViewController+app.swift in Sources */ = {isa = PBXBuildFile; fileRef = D9D80C561F864AE10052BF8D /* UINavigationViewController+app.swift */; };
/* End PBXBuildFile section */

/* Begin PBXFileReference section */
		7DBC73F8B71415B7AAC186B3 /* Pods-SalesSticks.release.xcconfig */ = {isa = PBXFileReference; includeInIndex = 1; lastKnownFileType = text.xcconfig; name = "Pods-SalesSticks.release.xcconfig"; path = "Pods/Target Support Files/Pods-SalesSticks/Pods-SalesSticks.release.xcconfig"; sourceTree = "<group>"; };
		7F043F081F82B2FA00DC7D9B /* LoginViewController.swift */ = {isa = PBXFileReference; lastKnownFileType = sourcecode.swift; path = LoginViewController.swift; sourceTree = "<group>"; };
		7F043F0C1F82B53F00DC7D9B /* MainNavigationViewController.swift */ = {isa = PBXFileReference; lastKnownFileType = sourcecode.swift; path = MainNavigationViewController.swift; sourceTree = "<group>"; };
		7F043F171F82BB3800DC7D9B /* UIColor+app.swift */ = {isa = PBXFileReference; lastKnownFileType = sourcecode.swift; path = "UIColor+app.swift"; sourceTree = "<group>"; };
		7F043F191F82BB7600DC7D9B /* UIView+App.swift */ = {isa = PBXFileReference; lastKnownFileType = sourcecode.swift; path = "UIView+App.swift"; sourceTree = "<group>"; };
		7F043F1B1F82BBB600DC7D9B /* UIFont+App.swift */ = {isa = PBXFileReference; lastKnownFileType = sourcecode.swift; path = "UIFont+App.swift"; sourceTree = "<group>"; };
		7F043F211F82BC2E00DC7D9B /* Constants.swift */ = {isa = PBXFileReference; lastKnownFileType = sourcecode.swift; path = Constants.swift; sourceTree = "<group>"; };
		7F043F221F82BC2E00DC7D9B /* StyleSheet.swift */ = {isa = PBXFileReference; lastKnownFileType = sourcecode.swift; path = StyleSheet.swift; sourceTree = "<group>"; };
		7FF8239D1F81808000217F6D /* SalesSticks.app */ = {isa = PBXFileReference; explicitFileType = wrapper.application; includeInIndex = 0; path = SalesSticks.app; sourceTree = BUILT_PRODUCTS_DIR; };
		7FF823A01F81808000217F6D /* AppDelegate.swift */ = {isa = PBXFileReference; lastKnownFileType = sourcecode.swift; path = AppDelegate.swift; sourceTree = "<group>"; };
		7FF823A51F81808000217F6D /* Base */ = {isa = PBXFileReference; lastKnownFileType = file.storyboard; name = Base; path = Base.lproj/Main.storyboard; sourceTree = "<group>"; };
		7FF823A81F81808000217F6D /* SalesSticks.xcdatamodel */ = {isa = PBXFileReference; lastKnownFileType = wrapper.xcdatamodel; path = SalesSticks.xcdatamodel; sourceTree = "<group>"; };
		7FF823AA1F81808000217F6D /* Assets.xcassets */ = {isa = PBXFileReference; lastKnownFileType = folder.assetcatalog; path = Assets.xcassets; sourceTree = "<group>"; };
		7FF823AD1F81808000217F6D /* Base */ = {isa = PBXFileReference; lastKnownFileType = file.storyboard; name = Base; path = Base.lproj/LaunchScreen.storyboard; sourceTree = "<group>"; };
		7FF823AF1F81808000217F6D /* Info.plist */ = {isa = PBXFileReference; lastKnownFileType = text.plist.xml; path = Info.plist; sourceTree = "<group>"; };
		CB0E2780441C765C82C1BFCB /* Pods_SalesSticks.framework */ = {isa = PBXFileReference; explicitFileType = wrapper.framework; includeInIndex = 0; path = Pods_SalesSticks.framework; sourceTree = BUILT_PRODUCTS_DIR; };
		D42ED1D06BE329E9E7AF9AB8 /* Pods-SalesSticks.debug.xcconfig */ = {isa = PBXFileReference; includeInIndex = 1; lastKnownFileType = text.xcconfig; name = "Pods-SalesSticks.debug.xcconfig"; path = "Pods/Target Support Files/Pods-SalesSticks/Pods-SalesSticks.debug.xcconfig"; sourceTree = "<group>"; };
		D9D80C4E1F8621630052BF8D /* UITabBar+app.swift */ = {isa = PBXFileReference; lastKnownFileType = sourcecode.swift; path = "UITabBar+app.swift"; sourceTree = "<group>"; };
		D9D80C501F8638740052BF8D /* TodaysRouteViewController.swift */ = {isa = PBXFileReference; lastKnownFileType = sourcecode.swift; path = TodaysRouteViewController.swift; sourceTree = "<group>"; };
		D9D80C521F8643B30052BF8D /* MyCustomerViewController.swift */ = {isa = PBXFileReference; lastKnownFileType = sourcecode.swift; path = MyCustomerViewController.swift; sourceTree = "<group>"; };
		D9D80C541F8644400052BF8D /* SettingViewController.swift */ = {isa = PBXFileReference; lastKnownFileType = sourcecode.swift; path = SettingViewController.swift; sourceTree = "<group>"; };
		D9D80C561F864AE10052BF8D /* UINavigationViewController+app.swift */ = {isa = PBXFileReference; lastKnownFileType = sourcecode.swift; path = "UINavigationViewController+app.swift"; sourceTree = "<group>"; };
/* End PBXFileReference section */

/* Begin PBXFrameworksBuildPhase section */
		7FF8239A1F81808000217F6D /* Frameworks */ = {
			isa = PBXFrameworksBuildPhase;
			buildActionMask = 2147483647;
			files = (
				5A8BAFD23C74BDCEB65CF82D /* Pods_SalesSticks.framework in Frameworks */,
			);
			runOnlyForDeploymentPostprocessing = 0;
		};
/* End PBXFrameworksBuildPhase section */

/* Begin PBXGroup section */
		4287D892DFCB501850957D9C /* Pods */ = {
			isa = PBXGroup;
			children = (
				D42ED1D06BE329E9E7AF9AB8 /* Pods-SalesSticks.debug.xcconfig */,
				7DBC73F8B71415B7AAC186B3 /* Pods-SalesSticks.release.xcconfig */,
			);
			name = Pods;
			sourceTree = "<group>";
		};
		7F043EFF1F82ADDF00DC7D9B /* Common */ = {
			isa = PBXGroup;
			children = (
				7F043F211F82BC2E00DC7D9B /* Constants.swift */,
				7F043F221F82BC2E00DC7D9B /* StyleSheet.swift */,
			);
			path = Common;
			sourceTree = "<group>";
		};
		7F043F021F82B21F00DC7D9B /* extension */ = {
			isa = PBXGroup;
			children = (
				7F043F1B1F82BBB600DC7D9B /* UIFont+App.swift */,
				7F043F171F82BB3800DC7D9B /* UIColor+app.swift */,
				7F043F191F82BB7600DC7D9B /* UIView+App.swift */,
				D9D80C4E1F8621630052BF8D /* UITabBar+app.swift */,
				D9D80C561F864AE10052BF8D /* UINavigationViewController+app.swift */,
			);
			path = extension;
			sourceTree = "<group>";
		};
		7F043F071F82B27200DC7D9B /* ViewController */ = {
			isa = PBXGroup;
			children = (
				7F043F0C1F82B53F00DC7D9B /* MainNavigationViewController.swift */,
				7F043F081F82B2FA00DC7D9B /* LoginViewController.swift */,
				D9D80C501F8638740052BF8D /* TodaysRouteViewController.swift */,
				D9D80C521F8643B30052BF8D /* MyCustomerViewController.swift */,
				D9D80C541F8644400052BF8D /* SettingViewController.swift */,
			);
			path = ViewController;
			sourceTree = "<group>";
		};
		7FF823941F81808000217F6D = {
			isa = PBXGroup;
			children = (
				7FF8239F1F81808000217F6D /* SalesSticks */,
				7FF8239E1F81808000217F6D /* Products */,
				4287D892DFCB501850957D9C /* Pods */,
				D1C4EA024688FC69F2F19EC1 /* Frameworks */,
			);
			sourceTree = "<group>";
		};
		7FF8239E1F81808000217F6D /* Products */ = {
			isa = PBXGroup;
			children = (
				7FF8239D1F81808000217F6D /* SalesSticks.app */,
			);
			name = Products;
			sourceTree = "<group>";
		};
		7FF8239F1F81808000217F6D /* SalesSticks */ = {
			isa = PBXGroup;
			children = (
				7F043F071F82B27200DC7D9B /* ViewController */,
				7F043F021F82B21F00DC7D9B /* extension */,
				7F043EFF1F82ADDF00DC7D9B /* Common */,
				7FF823A01F81808000217F6D /* AppDelegate.swift */,
				7FF823A41F81808000217F6D /* Main.storyboard */,
				7FF823AA1F81808000217F6D /* Assets.xcassets */,
				7FF823AC1F81808000217F6D /* LaunchScreen.storyboard */,
				7FF823AF1F81808000217F6D /* Info.plist */,
				7FF823A71F81808000217F6D /* SalesSticks.xcdatamodeld */,
			);
			path = SalesSticks;
			sourceTree = "<group>";
		};
		D1C4EA024688FC69F2F19EC1 /* Frameworks */ = {
			isa = PBXGroup;
			children = (
				CB0E2780441C765C82C1BFCB /* Pods_SalesSticks.framework */,
			);
			name = Frameworks;
			sourceTree = "<group>";
		};
/* End PBXGroup section */

/* Begin PBXNativeTarget section */
		7FF8239C1F81808000217F6D /* SalesSticks */ = {
			isa = PBXNativeTarget;
			buildConfigurationList = 7FF823B21F81808000217F6D /* Build configuration list for PBXNativeTarget "SalesSticks" */;
			buildPhases = (
				33248EA810284DF902A57683 /* [CP] Check Pods Manifest.lock */,
				7FF823991F81808000217F6D /* Sources */,
				7FF8239A1F81808000217F6D /* Frameworks */,
				7FF8239B1F81808000217F6D /* Resources */,
				68E95BD684AA512832FD6543 /* [CP] Embed Pods Frameworks */,
				0EDB6194D87AF9C04F123565 /* [CP] Copy Pods Resources */,
			);
			buildRules = (
			);
			dependencies = (
			);
			name = SalesSticks;
			productName = SalesSticks;
			productReference = 7FF8239D1F81808000217F6D /* SalesSticks.app */;
			productType = "com.apple.product-type.application";
		};
/* End PBXNativeTarget section */

/* Begin PBXProject section */
		7FF823951F81808000217F6D /* Project object */ = {
			isa = PBXProject;
			attributes = {
				LastSwiftUpdateCheck = 0900;
				LastUpgradeCheck = 0900;
				ORGANIZATIONNAME = "Lohith K C";
				TargetAttributes = {
					7FF8239C1F81808000217F6D = {
						CreatedOnToolsVersion = 9.0;
						ProvisioningStyle = Automatic;
					};
				};
			};
			buildConfigurationList = 7FF823981F81808000217F6D /* Build configuration list for PBXProject "SalesSticks" */;
			compatibilityVersion = "Xcode 8.0";
			developmentRegion = en;
			hasScannedForEncodings = 0;
			knownRegions = (
				en,
				Base,
			);
			mainGroup = 7FF823941F81808000217F6D;
			productRefGroup = 7FF8239E1F81808000217F6D /* Products */;
			projectDirPath = "";
			projectRoot = "";
			targets = (
				7FF8239C1F81808000217F6D /* SalesSticks */,
			);
		};
/* End PBXProject section */

/* Begin PBXResourcesBuildPhase section */
		7FF8239B1F81808000217F6D /* Resources */ = {
			isa = PBXResourcesBuildPhase;
			buildActionMask = 2147483647;
			files = (
				7FF823AE1F81808000217F6D /* LaunchScreen.storyboard in Resources */,
				7FF823AB1F81808000217F6D /* Assets.xcassets in Resources */,
				7FF823A61F81808000217F6D /* Main.storyboard in Resources */,
			);
			runOnlyForDeploymentPostprocessing = 0;
		};
/* End PBXResourcesBuildPhase section */

/* Begin PBXShellScriptBuildPhase section */
		0EDB6194D87AF9C04F123565 /* [CP] Copy Pods Resources */ = {
			isa = PBXShellScriptBuildPhase;
			buildActionMask = 2147483647;
			files = (
			);
			inputPaths = (
			);
			name = "[CP] Copy Pods Resources";
			outputPaths = (
			);
			runOnlyForDeploymentPostprocessing = 0;
			shellPath = /bin/sh;
			shellScript = "\"${SRCROOT}/Pods/Target Support Files/Pods-SalesSticks/Pods-SalesSticks-resources.sh\"\n";
			showEnvVarsInLog = 0;
		};
		33248EA810284DF902A57683 /* [CP] Check Pods Manifest.lock */ = {
			isa = PBXShellScriptBuildPhase;
			buildActionMask = 2147483647;
			files = (
			);
			inputPaths = (
			);
			name = "[CP] Check Pods Manifest.lock";
			outputPaths = (
			);
			runOnlyForDeploymentPostprocessing = 0;
			shellPath = /bin/sh;
			shellScript = "diff \"${PODS_ROOT}/../Podfile.lock\" \"${PODS_ROOT}/Manifest.lock\" > /dev/null\nif [ $? != 0 ] ; then\n    # print error to STDERR\n    echo \"error: The sandbox is not in sync with the Podfile.lock. Run 'pod install' or update your CocoaPods installation.\" >&2\n    exit 1\nfi\n";
			showEnvVarsInLog = 0;
		};
		68E95BD684AA512832FD6543 /* [CP] Embed Pods Frameworks */ = {
			isa = PBXShellScriptBuildPhase;
			buildActionMask = 2147483647;
			files = (
			);
			inputPaths = (
			);
			name = "[CP] Embed Pods Frameworks";
			outputPaths = (
			);
			runOnlyForDeploymentPostprocessing = 0;
			shellPath = /bin/sh;
			shellScript = "\"${SRCROOT}/Pods/Target Support Files/Pods-SalesSticks/Pods-SalesSticks-frameworks.sh\"\n";
			showEnvVarsInLog = 0;
		};
/* End PBXShellScriptBuildPhase section */

/* Begin PBXSourcesBuildPhase section */
		7FF823991F81808000217F6D /* Sources */ = {
			isa = PBXSourcesBuildPhase;
			buildActionMask = 2147483647;
			files = (
				D9D80C571F864AE10052BF8D /* UINavigationViewController+app.swift in Sources */,
				D9D80C511F8638740052BF8D /* TodaysRouteViewController.swift in Sources */,
				D9D80C551F8644400052BF8D /* SettingViewController.swift in Sources */,
				7F043F1A1F82BB7700DC7D9B /* UIView+App.swift in Sources */,
				7F043F1C1F82BBB600DC7D9B /* UIFont+App.swift in Sources */,
				7F043F091F82B2FA00DC7D9B /* LoginViewController.swift in Sources */,
				D9D80C4F1F8621630052BF8D /* UITabBar+app.swift in Sources */,
				7F043F0D1F82B53F00DC7D9B /* MainNavigationViewController.swift in Sources */,
				D9D80C531F8643B30052BF8D /* MyCustomerViewController.swift in Sources */,
				7FF823A11F81808000217F6D /* AppDelegate.swift in Sources */,
				7F043F181F82BB3800DC7D9B /* UIColor+app.swift in Sources */,
				7FF823A91F81808000217F6D /* SalesSticks.xcdatamodeld in Sources */,
			);
			runOnlyForDeploymentPostprocessing = 0;
		};
/* End PBXSourcesBuildPhase section */

/* Begin PBXVariantGroup section */
		7FF823A41F81808000217F6D /* Main.storyboard */ = {
			isa = PBXVariantGroup;
			children = (
				7FF823A51F81808000217F6D /* Base */,
			);
			name = Main.storyboard;
			sourceTree = "<group>";
		};
		7FF823AC1F81808000217F6D /* LaunchScreen.storyboard */ = {
			isa = PBXVariantGroup;
			children = (
				7FF823AD1F81808000217F6D /* Base */,
			);
			name = LaunchScreen.storyboard;
			sourceTree = "<group>";
		};
/* End PBXVariantGroup section */

/* Begin XCBuildConfiguration section */
		7FF823B01F81808000217F6D /* Debug */ = {
			isa = XCBuildConfiguration;
			buildSettings = {
				ALWAYS_SEARCH_USER_PATHS = NO;
				CLANG_ANALYZER_NONNULL = YES;
				CLANG_ANALYZER_NUMBER_OBJECT_CONVERSION = YES_AGGRESSIVE;
				CLANG_CXX_LANGUAGE_STANDARD = "gnu++14";
				CLANG_CXX_LIBRARY = "libc++";
				CLANG_ENABLE_MODULES = YES;
				CLANG_ENABLE_OBJC_ARC = YES;
				CLANG_WARN_BLOCK_CAPTURE_AUTORELEASING = YES;
				CLANG_WARN_BOOL_CONVERSION = YES;
				CLANG_WARN_COMMA = YES;
				CLANG_WARN_CONSTANT_CONVERSION = YES;
				CLANG_WARN_DIRECT_OBJC_ISA_USAGE = YES_ERROR;
				CLANG_WARN_DOCUMENTATION_COMMENTS = YES;
				CLANG_WARN_EMPTY_BODY = YES;
				CLANG_WARN_ENUM_CONVERSION = YES;
				CLANG_WARN_INFINITE_RECURSION = YES;
				CLANG_WARN_INT_CONVERSION = YES;
				CLANG_WARN_NON_LITERAL_NULL_CONVERSION = YES;
				CLANG_WARN_OBJC_LITERAL_CONVERSION = YES;
				CLANG_WARN_OBJC_ROOT_CLASS = YES_ERROR;
				CLANG_WARN_RANGE_LOOP_ANALYSIS = YES;
				CLANG_WARN_STRICT_PROTOTYPES = YES;
				CLANG_WARN_SUSPICIOUS_MOVE = YES;
				CLANG_WARN_UNGUARDED_AVAILABILITY = YES_AGGRESSIVE;
				CLANG_WARN_UNREACHABLE_CODE = YES;
				CLANG_WARN__DUPLICATE_METHOD_MATCH = YES;
				CODE_SIGN_IDENTITY = "iPhone Developer";
				COPY_PHASE_STRIP = NO;
				DEBUG_INFORMATION_FORMAT = dwarf;
				ENABLE_STRICT_OBJC_MSGSEND = YES;
				ENABLE_TESTABILITY = YES;
				GCC_C_LANGUAGE_STANDARD = gnu11;
				GCC_DYNAMIC_NO_PIC = NO;
				GCC_NO_COMMON_BLOCKS = YES;
				GCC_OPTIMIZATION_LEVEL = 0;
				GCC_PREPROCESSOR_DEFINITIONS = (
					"DEBUG=1",
					"$(inherited)",
				);
				GCC_WARN_64_TO_32_BIT_CONVERSION = YES;
				GCC_WARN_ABOUT_RETURN_TYPE = YES_ERROR;
				GCC_WARN_UNDECLARED_SELECTOR = YES;
				GCC_WARN_UNINITIALIZED_AUTOS = YES_AGGRESSIVE;
				GCC_WARN_UNUSED_FUNCTION = YES;
				GCC_WARN_UNUSED_VARIABLE = YES;
				IPHONEOS_DEPLOYMENT_TARGET = 11.0;
				MTL_ENABLE_DEBUG_INFO = YES;
				ONLY_ACTIVE_ARCH = YES;
				SDKROOT = iphoneos;
				SWIFT_ACTIVE_COMPILATION_CONDITIONS = DEBUG;
				SWIFT_OPTIMIZATION_LEVEL = "-Onone";
			};
			name = Debug;
		};
		7FF823B11F81808000217F6D /* Release */ = {
			isa = XCBuildConfiguration;
			buildSettings = {
				ALWAYS_SEARCH_USER_PATHS = NO;
				CLANG_ANALYZER_NONNULL = YES;
				CLANG_ANALYZER_NUMBER_OBJECT_CONVERSION = YES_AGGRESSIVE;
				CLANG_CXX_LANGUAGE_STANDARD = "gnu++14";
				CLANG_CXX_LIBRARY = "libc++";
				CLANG_ENABLE_MODULES = YES;
				CLANG_ENABLE_OBJC_ARC = YES;
				CLANG_WARN_BLOCK_CAPTURE_AUTORELEASING = YES;
				CLANG_WARN_BOOL_CONVERSION = YES;
				CLANG_WARN_COMMA = YES;
				CLANG_WARN_CONSTANT_CONVERSION = YES;
				CLANG_WARN_DIRECT_OBJC_ISA_USAGE = YES_ERROR;
				CLANG_WARN_DOCUMENTATION_COMMENTS = YES;
				CLANG_WARN_EMPTY_BODY = YES;
				CLANG_WARN_ENUM_CONVERSION = YES;
				CLANG_WARN_INFINITE_RECURSION = YES;
				CLANG_WARN_INT_CONVERSION = YES;
				CLANG_WARN_NON_LITERAL_NULL_CONVERSION = YES;
				CLANG_WARN_OBJC_LITERAL_CONVERSION = YES;
				CLANG_WARN_OBJC_ROOT_CLASS = YES_ERROR;
				CLANG_WARN_RANGE_LOOP_ANALYSIS = YES;
				CLANG_WARN_STRICT_PROTOTYPES = YES;
				CLANG_WARN_SUSPICIOUS_MOVE = YES;
				CLANG_WARN_UNGUARDED_AVAILABILITY = YES_AGGRESSIVE;
				CLANG_WARN_UNREACHABLE_CODE = YES;
				CLANG_WARN__DUPLICATE_METHOD_MATCH = YES;
				CODE_SIGN_IDENTITY = "iPhone Developer";
				COPY_PHASE_STRIP = NO;
				DEBUG_INFORMATION_FORMAT = "dwarf-with-dsym";
				ENABLE_NS_ASSERTIONS = NO;
				ENABLE_STRICT_OBJC_MSGSEND = YES;
				GCC_C_LANGUAGE_STANDARD = gnu11;
				GCC_NO_COMMON_BLOCKS = YES;
				GCC_WARN_64_TO_32_BIT_CONVERSION = YES;
				GCC_WARN_ABOUT_RETURN_TYPE = YES_ERROR;
				GCC_WARN_UNDECLARED_SELECTOR = YES;
				GCC_WARN_UNINITIALIZED_AUTOS = YES_AGGRESSIVE;
				GCC_WARN_UNUSED_FUNCTION = YES;
				GCC_WARN_UNUSED_VARIABLE = YES;
				IPHONEOS_DEPLOYMENT_TARGET = 11.0;
				MTL_ENABLE_DEBUG_INFO = NO;
				SDKROOT = iphoneos;
				SWIFT_OPTIMIZATION_LEVEL = "-Owholemodule";
				VALIDATE_PRODUCT = YES;
			};
			name = Release;
		};
		7FF823B31F81808000217F6D /* Debug */ = {
			isa = XCBuildConfiguration;
			baseConfigurationReference = D42ED1D06BE329E9E7AF9AB8 /* Pods-SalesSticks.debug.xcconfig */;
			buildSettings = {
				ASSETCATALOG_COMPILER_APPICON_NAME = AppIcon;
				CODE_SIGN_STYLE = Automatic;
				DEVELOPMENT_TEAM = EJV3Q736AM;
				INFOPLIST_FILE = SalesSticks/Info.plist;
				LD_RUNPATH_SEARCH_PATHS = "$(inherited) @executable_path/Frameworks";
				PRODUCT_BUNDLE_IDENTIFIER = KC.SalesSticks;
				PRODUCT_NAME = "$(TARGET_NAME)";
				SWIFT_VERSION = 4.0;
				TARGETED_DEVICE_FAMILY = "1,2";
			};
			name = Debug;
		};
		7FF823B41F81808000217F6D /* Release */ = {
			isa = XCBuildConfiguration;
			baseConfigurationReference = 7DBC73F8B71415B7AAC186B3 /* Pods-SalesSticks.release.xcconfig */;
			buildSettings = {
				ASSETCATALOG_COMPILER_APPICON_NAME = AppIcon;
				CODE_SIGN_STYLE = Automatic;
				DEVELOPMENT_TEAM = EJV3Q736AM;
				INFOPLIST_FILE = SalesSticks/Info.plist;
				LD_RUNPATH_SEARCH_PATHS = "$(inherited) @executable_path/Frameworks";
				PRODUCT_BUNDLE_IDENTIFIER = KC.SalesSticks;
				PRODUCT_NAME = "$(TARGET_NAME)";
				SWIFT_VERSION = 4.0;
				TARGETED_DEVICE_FAMILY = "1,2";
			};
			name = Release;
		};
/* End XCBuildConfiguration section */

/* Begin XCConfigurationList section */
		7FF823981F81808000217F6D /* Build configuration list for PBXProject "SalesSticks" */ = {
			isa = XCConfigurationList;
			buildConfigurations = (
				7FF823B01F81808000217F6D /* Debug */,
				7FF823B11F81808000217F6D /* Release */,
			);
			defaultConfigurationIsVisible = 0;
			defaultConfigurationName = Release;
		};
		7FF823B21F81808000217F6D /* Build configuration list for PBXNativeTarget "SalesSticks" */ = {
			isa = XCConfigurationList;
			buildConfigurations = (
				7FF823B31F81808000217F6D /* Debug */,
				7FF823B41F81808000217F6D /* Release */,
			);
			defaultConfigurationIsVisible = 0;
			defaultConfigurationName = Release;
		};
/* End XCConfigurationList section */

/* Begin XCVersionGroup section */
		7FF823A71F81808000217F6D /* SalesSticks.xcdatamodeld */ = {
			isa = XCVersionGroup;
			children = (
				7FF823A81F81808000217F6D /* SalesSticks.xcdatamodel */,
			);
			currentVersion = 7FF823A81F81808000217F6D /* SalesSticks.xcdatamodel */;
			path = SalesSticks.xcdatamodeld;
			sourceTree = "<group>";
			versionGroupType = wrapper.xcdatamodel;
		};
/* End XCVersionGroup section */
	};
	rootObject = 7FF823951F81808000217F6D /* Project object */;
}
